{
  "object": {
    "pins": [
      {
        "package": "PerfectCRUD",
        "repositoryURL": "https://github.com/PerfectlySoft/Perfect-CRUD.git",
        "state": {
          "branch": null,
          "revision": "5a947634b7ce0b991e8f455a61ce02449f2e6f36",
          "version": "1.2.3"
        }
      },
      {
        "package": "PerfectMySQL",
        "repositoryURL": "https://github.com/barimax/Perfect-MySQL.git",
        "state": {
          "branch": "master",
          "revision": "d1f861a0a207feb585d7ed1efc400c9bd6a92a38",
          "version": null
        }
      },
      {
        "package": "mysqlclient",
        "repositoryURL": "https://github.com/PerfectlySoft/Perfect-mysqlclient.git",
        "state": {
          "branch": null,
          "revision": "ed4f0e775c874b535fb24b00e6600b81f2932907",
          "version": "2.1.1"
        }
      },
      {
        "package": "SwiftString",
        "repositoryURL": "https://github.com/iamjono/SwiftString.git",
        "state": {
          "branch": null,
          "revision": "ac8827f752ce79662df79e644c38a0a080d50b1d",
          "version": "2.2.0"
        }
      }
    ]
  },
  "version": 1
}
